<Solution>
  <Folder Name="/src/">
    <Project Path="src/PoAutoRobo.App/PoAutoRobo.App.csproj" />
    <Project Path="src/PoAutoRobo.Core/PoAutoRobo.Core.csproj" />
  </Folder>
  <Folder Name="/tests/">
    <Project Path="tests/PoAutoRobo.Core.Tests/PoAutoRobo.Core.Tests.csproj" />
  </Folder>
</Solution>
